# THIS IS AN AUTOGENERATED FILE. DO NOT EDIT THIS FILE DIRECTLY.
# yarn lockfile v1


"@k-foss/ts-esnode@^2.0.2":
  version "2.0.2"
  resolved "https://registry.npmjs.org/@k-foss/ts-esnode/-/ts-esnode-2.0.2.tgz#9976d2a318ef56d5dda780bdb4b715edab52307a"
  integrity sha512-ysEOUR7EkvSsmwNc3AWUL8Rk3IT4fM6GgXImEtIGLj8nO0PGLfAp4yCsJoC6ZqwfhnTxL6viaNqnk9yqpKmx3Q==

fs@^0.0.1-security:
  version "0.0.1-security"
  resolved "https://registry.npmjs.org/fs/-/fs-0.0.1-security.tgz#8a7bd37186b6dddf3813f23858b57ecaaf5e41d4"
  integrity sha512-3XY9e1pP0CVEUCdj5BmfIZxRBTSDycnbqhIOGec9QYtmVH2fbLpj86CFWkrNOkt/Fvty4KZG5lTglL9j/gJ87w==
